
Microsoft Visual Studio Solution File, Format Version 12.00
# Visual Studio Version 17
VisualStudioVersion = 17.13.35913.81 d17.13
MinimumVisualStudioVersion = 10.0.40219.1
Project("{FAE04EC0-301F-11D3-BF4B-00C04F79EFBC}") = "W25Week11DbFirstApproach", "W25Week11DbFirstApproach\W25Week11DbFirstApproach.csproj", "{5FD1E137-68BC-412B-A221-F5D11B7079A8}"
EndProject
Global
	GlobalSection(SolutionConfigurationPlatforms) = preSolution
		Debug|Any CPU = Debug|Any CPU
		Release|Any CPU = Release|Any CPU
	EndGlobalSection
	GlobalSection(ProjectConfigurationPlatforms) = postSolution
		{5FD1E137-68BC-412B-A221-F5D11B7079A8}.Debug|Any CPU.ActiveCfg = Debug|Any CPU
		{5FD1E137-68BC-412B-A221-F5D11B7079A8}.Debug|Any CPU.Build.0 = Debug|Any CPU
		{5FD1E137-68BC-412B-A221-F5D11B7079A8}.Release|Any CPU.ActiveCfg = Release|Any CPU
		{5FD1E137-68BC-412B-A221-F5D11B7079A8}.Release|Any CPU.Build.0 = Release|Any CPU
	EndGlobalSection
	GlobalSection(SolutionProperties) = preSolution
		HideSolutionNode = FALSE
	EndGlobalSection
	GlobalSection(ExtensibilityGlobals) = postSolution
		SolutionGuid = {252C6B39-4495-4A71-B777-FF6DCBAAA438}
	EndGlobalSection
EndGlobal
